Microsoft Visual Studio Solution File, Format Version 12.00
# Visual Studio Version 17
VisualStudioVersion = 17.5.2.0
MinimumVisualStudioVersion = 10.0.40219.1
Project("{FAE04EC0-301F-11D3-BF4B-00C04F79EFBC}") = "mamba.PulsarTemplate", "mamba.PulsarTemplate.csproj", "{B04F4E53-E285-C15F-92D2-2DB258CA76BE}"
EndProject
Global
	GlobalSection(SolutionConfigurationPlatforms) = preSolution
		Debug|Any CPU = Debug|Any CPU
		Release|Any CPU = Release|Any CPU
	EndGlobalSection
	GlobalSection(ProjectConfigurationPlatforms) = postSolution
		{B04F4E53-E285-C15F-92D2-2DB258CA76BE}.Debug|Any CPU.ActiveCfg = Debug|Any CPU
		{B04F4E53-E285-C15F-92D2-2DB258CA76BE}.Debug|Any CPU.Build.0 = Debug|Any CPU
		{B04F4E53-E285-C15F-92D2-2DB258CA76BE}.Release|Any CPU.ActiveCfg = Release|Any CPU
		{B04F4E53-E285-C15F-92D2-2DB258CA76BE}.Release|Any CPU.Build.0 = Release|Any CPU
	EndGlobalSection
	GlobalSection(SolutionProperties) = preSolution
		HideSolutionNode = FALSE
	EndGlobalSection
	GlobalSection(ExtensibilityGlobals) = postSolution
		SolutionGuid = {85C8BAB8-1D9D-4FAC-A103-0A6601175DA7}
	EndGlobalSection
EndGlobal
